
Microsoft Visual Studio Solution File, Format Version 12.00
# Visual Studio Version 17
VisualStudioVersion = 17.6.33815.320
MinimumVisualStudioVersion = 10.0.40219.1
Project("{2150E333-8FDC-42A3-9474-1A3956D46DE8}") = "Services", "Services", "{06516545-537B-4221-B61F-4F9AD91F3425}"
EndProject
Project("{2150E333-8FDC-42A3-9474-1A3956D46DE8}") = "Catalog", "Catalog", "{033BA9B6-F031-4995-B648-D677A1FDC909}"
EndProject
Project("{9A19103F-16F7-4668-BE54-9A1E7A4F7556}") = "CourseMicroservices.Services.Catalog", "Services\Catalog\CourseMicroservices.Services.Catalog\CourseMicroservices.Services.Catalog.csproj", "{06C823FD-6FFC-4DC1-96F0-824520CCBF8D}"
EndProject
Project("{2150E333-8FDC-42A3-9474-1A3956D46DE8}") = "Solution Items", "Solution Items", "{1D55BBE4-5DC1-4A02-A329-DA2C9CF6BB59}"
	ProjectSection(SolutionItems) = preProject
		Port.txt = Port.txt
	EndProjectSection
EndProject
Project("{2150E333-8FDC-42A3-9474-1A3956D46DE8}") = "Shared", "Shared", "{33B62FA0-8051-4AF5-B864-AE9FC5B7EA3D}"
EndProject
Project("{9A19103F-16F7-4668-BE54-9A1E7A4F7556}") = "CourseMicroservices.Shared", "Shared\CourseMicroservices.Shared\CourseMicroservices.Shared.csproj", "{E6D56B4E-8063-4281-8A5F-18E82DEDA501}"
EndProject
Project("{2150E333-8FDC-42A3-9474-1A3956D46DE8}") = "Identity", "Identity", "{7D4E8DA6-4E86-4024-A2EE-AD948B3ADC71}"
EndProject
Project("{FAE04EC0-301F-11D3-BF4B-00C04F79EFBC}") = "IdentityProvider", "Identity\IdentityProvider\IdentityProvider.csproj", "{3662FDCB-A700-4196-BBAE-64752594FA74}"
EndProject
Global
	GlobalSection(SolutionConfigurationPlatforms) = preSolution
		Debug|Any CPU = Debug|Any CPU
		Release|Any CPU = Release|Any CPU
	EndGlobalSection
	GlobalSection(ProjectConfigurationPlatforms) = postSolution
		{06C823FD-6FFC-4DC1-96F0-824520CCBF8D}.Debug|Any CPU.ActiveCfg = Debug|Any CPU
		{06C823FD-6FFC-4DC1-96F0-824520CCBF8D}.Debug|Any CPU.Build.0 = Debug|Any CPU
		{06C823FD-6FFC-4DC1-96F0-824520CCBF8D}.Release|Any CPU.ActiveCfg = Release|Any CPU
		{06C823FD-6FFC-4DC1-96F0-824520CCBF8D}.Release|Any CPU.Build.0 = Release|Any CPU
		{E6D56B4E-8063-4281-8A5F-18E82DEDA501}.Debug|Any CPU.ActiveCfg = Debug|Any CPU
		{E6D56B4E-8063-4281-8A5F-18E82DEDA501}.Debug|Any CPU.Build.0 = Debug|Any CPU
		{E6D56B4E-8063-4281-8A5F-18E82DEDA501}.Release|Any CPU.ActiveCfg = Release|Any CPU
		{E6D56B4E-8063-4281-8A5F-18E82DEDA501}.Release|Any CPU.Build.0 = Release|Any CPU
		{3662FDCB-A700-4196-BBAE-64752594FA74}.Debug|Any CPU.ActiveCfg = Debug|Any CPU
		{3662FDCB-A700-4196-BBAE-64752594FA74}.Debug|Any CPU.Build.0 = Debug|Any CPU
		{3662FDCB-A700-4196-BBAE-64752594FA74}.Release|Any CPU.ActiveCfg = Release|Any CPU
		{3662FDCB-A700-4196-BBAE-64752594FA74}.Release|Any CPU.Build.0 = Release|Any CPU
	EndGlobalSection
	GlobalSection(SolutionProperties) = preSolution
		HideSolutionNode = FALSE
	EndGlobalSection
	GlobalSection(NestedProjects) = preSolution
		{033BA9B6-F031-4995-B648-D677A1FDC909} = {06516545-537B-4221-B61F-4F9AD91F3425}
		{06C823FD-6FFC-4DC1-96F0-824520CCBF8D} = {033BA9B6-F031-4995-B648-D677A1FDC909}
		{E6D56B4E-8063-4281-8A5F-18E82DEDA501} = {33B62FA0-8051-4AF5-B864-AE9FC5B7EA3D}
		{3662FDCB-A700-4196-BBAE-64752594FA74} = {7D4E8DA6-4E86-4024-A2EE-AD948B3ADC71}
	EndGlobalSection
	GlobalSection(ExtensibilityGlobals) = postSolution
		SolutionGuid = {8152AA92-B504-4613-B8A5-C05F7EEAB945}
	EndGlobalSection
EndGlobal
