
Microsoft Visual Studio Solution File, Format Version 12.00
# Visual Studio Version 17
VisualStudioVersion = 17.6.33815.320
MinimumVisualStudioVersion = 10.0.40219.1
Project("{2150E333-8FDC-42A3-9474-1A3956D46DE8}") = "Services", "Services", "{06516545-537B-4221-B61F-4F9AD91F3425}"
EndProject
Project("{2150E333-8FDC-42A3-9474-1A3956D46DE8}") = "Catalog", "Catalog", "{033BA9B6-F031-4995-B648-D677A1FDC909}"
EndProject
Project("{9A19103F-16F7-4668-BE54-9A1E7A4F7556}") = "CourseMicroservices.Services.Catalog", "Services\Catalog\CourseMicroservices.Services.Catalog\CourseMicroservices.Services.Catalog.csproj", "{06C823FD-6FFC-4DC1-96F0-824520CCBF8D}"
EndProject
Project("{2150E333-8FDC-42A3-9474-1A3956D46DE8}") = "Solution Items", "Solution Items", "{1D55BBE4-5DC1-4A02-A329-DA2C9CF6BB59}"
	ProjectSection(SolutionItems) = preProject
		Port.txt = Port.txt
	EndProjectSection
EndProject
Project("{2150E333-8FDC-42A3-9474-1A3956D46DE8}") = "Shared", "Shared", "{33B62FA0-8051-4AF5-B864-AE9FC5B7EA3D}"
EndProject
Project("{9A19103F-16F7-4668-BE54-9A1E7A4F7556}") = "CourseMicroservices.Shared", "Shared\CourseMicroservices.Shared\CourseMicroservices.Shared.csproj", "{E6D56B4E-8063-4281-8A5F-18E82DEDA501}"
EndProject
Project("{2150E333-8FDC-42A3-9474-1A3956D46DE8}") = "Identity", "Identity", "{7D4E8DA6-4E86-4024-A2EE-AD948B3ADC71}"
EndProject
Project("{9A19103F-16F7-4668-BE54-9A1E7A4F7556}") = "IdentityProvider", "Identity\IdentityProvider\IdentityProvider.csproj", "{3662FDCB-A700-4196-BBAE-64752594FA74}"
EndProject
Project("{2150E333-8FDC-42A3-9474-1A3956D46DE8}") = "PhotoStock", "PhotoStock", "{17355264-1458-413C-B043-4713DDC025F1}"
EndProject
Project("{2150E333-8FDC-42A3-9474-1A3956D46DE8}") = "Basket", "Basket", "{80DFEA52-86B9-4ED4-A028-2550B207C31C}"
EndProject
Project("{9A19103F-16F7-4668-BE54-9A1E7A4F7556}") = "CourseMicroservices.Services.Basket", "Services\Basket\CourseMicroservices.Services.Basket\CourseMicroservices.Services.Basket.csproj", "{60CF9D7B-EDA6-449B-B7BB-AABEF9DDC6A2}"
EndProject
Project("{9A19103F-16F7-4668-BE54-9A1E7A4F7556}") = "CourseMicroservices.Services.PhotoStock", "Services\PhotoStock\CourseMicroservices.Services.PhotoStock\CourseMicroservices.Services.PhotoStock.csproj", "{A8049249-922E-4F34-8431-C397E07D5AF4}"
EndProject
Project("{2150E333-8FDC-42A3-9474-1A3956D46DE8}") = "Discount", "Discount", "{8C850D5E-38A2-4B02-A32A-33574EDD87AB}"
EndProject
Project("{9A19103F-16F7-4668-BE54-9A1E7A4F7556}") = "CourseMicroservices.Services.Discount", "Services\Discount\CourseMicroservices.Services.Discount\CourseMicroservices.Services.Discount.csproj", "{D7342B1D-8472-41EE-8492-0354ED3D2E09}"
EndProject
Project("{2150E333-8FDC-42A3-9474-1A3956D46DE8}") = "Order", "Order", "{7266FCFD-A854-461F-9E60-4FBBCB786BDE}"
EndProject
Project("{2150E333-8FDC-42A3-9474-1A3956D46DE8}") = "Presentation", "Presentation", "{1C0A10AF-3D81-4EAF-B237-507B0DF01BEC}"
EndProject
Project("{2150E333-8FDC-42A3-9474-1A3956D46DE8}") = "Application", "Application", "{59C95D4F-24C6-4CD5-992B-02D9F0E5057D}"
EndProject
Project("{2150E333-8FDC-42A3-9474-1A3956D46DE8}") = "Domain", "Domain", "{5A7FD8FC-8870-402E-869E-A153112C90E4}"
EndProject
Project("{2150E333-8FDC-42A3-9474-1A3956D46DE8}") = "Domain.Core", "Domain.Core", "{FBC9DFA6-45BF-4FFF-83B0-F3D9114CA0FC}"
EndProject
Project("{2150E333-8FDC-42A3-9474-1A3956D46DE8}") = "Instrastructure", "Instrastructure", "{F8422DD0-9949-4888-94CA-A15BEB256A6E}"
EndProject
Project("{9A19103F-16F7-4668-BE54-9A1E7A4F7556}") = "CourseMicroservices.Services.Order.Application", "Services\Order\Application\CourseMicroservices.Services.Order.Application\CourseMicroservices.Services.Order.Application.csproj", "{51E4AABB-C0B5-45AA-9A64-C3E19A0F5303}"
EndProject
Project("{9A19103F-16F7-4668-BE54-9A1E7A4F7556}") = "CourseMicroservices.Services.Order.Api", "Services\Order\Presentation\CourseMicroservices.Services.Order.Api\CourseMicroservices.Services.Order.Api.csproj", "{50A0B240-ADA4-49B6-A8E3-0D51C9B76616}"
EndProject
Project("{9A19103F-16F7-4668-BE54-9A1E7A4F7556}") = "CourseMicroservices.Services.Order.Domain", "Services\Order\Domain\CourseMicroservices.Services.Order.Domain\CourseMicroservices.Services.Order.Domain.csproj", "{A8A396F3-8EFD-40D4-910E-0ACBB3CF094D}"
EndProject
Project("{9A19103F-16F7-4668-BE54-9A1E7A4F7556}") = "CourseMicroservices.Services.Order.Domain.Core", "Services\Order\Domain.Core\CourseMicroservices.Services.Order.Domain.Core\CourseMicroservices.Services.Order.Domain.Core.csproj", "{A636BC16-BEF7-4A81-B537-EFAA54446129}"
EndProject
Project("{9A19103F-16F7-4668-BE54-9A1E7A4F7556}") = "CourseMicroservices.Services.Order.Instrastructure", "Services\Order\Instrastructure\CourseMicroservices.Services.Order.Instrastructure\CourseMicroservices.Services.Order.Instrastructure.csproj", "{A5CEEC20-D4AD-49DE-8A09-E1DFF609544A}"
EndProject
Global
	GlobalSection(SolutionConfigurationPlatforms) = preSolution
		Debug|Any CPU = Debug|Any CPU
		Release|Any CPU = Release|Any CPU
	EndGlobalSection
	GlobalSection(ProjectConfigurationPlatforms) = postSolution
		{06C823FD-6FFC-4DC1-96F0-824520CCBF8D}.Debug|Any CPU.ActiveCfg = Debug|Any CPU
		{06C823FD-6FFC-4DC1-96F0-824520CCBF8D}.Debug|Any CPU.Build.0 = Debug|Any CPU
		{06C823FD-6FFC-4DC1-96F0-824520CCBF8D}.Release|Any CPU.ActiveCfg = Release|Any CPU
		{06C823FD-6FFC-4DC1-96F0-824520CCBF8D}.Release|Any CPU.Build.0 = Release|Any CPU
		{E6D56B4E-8063-4281-8A5F-18E82DEDA501}.Debug|Any CPU.ActiveCfg = Debug|Any CPU
		{E6D56B4E-8063-4281-8A5F-18E82DEDA501}.Debug|Any CPU.Build.0 = Debug|Any CPU
		{E6D56B4E-8063-4281-8A5F-18E82DEDA501}.Release|Any CPU.ActiveCfg = Release|Any CPU
		{E6D56B4E-8063-4281-8A5F-18E82DEDA501}.Release|Any CPU.Build.0 = Release|Any CPU
		{3662FDCB-A700-4196-BBAE-64752594FA74}.Debug|Any CPU.ActiveCfg = Debug|Any CPU
		{3662FDCB-A700-4196-BBAE-64752594FA74}.Debug|Any CPU.Build.0 = Debug|Any CPU
		{3662FDCB-A700-4196-BBAE-64752594FA74}.Release|Any CPU.ActiveCfg = Release|Any CPU
		{3662FDCB-A700-4196-BBAE-64752594FA74}.Release|Any CPU.Build.0 = Release|Any CPU
		{60CF9D7B-EDA6-449B-B7BB-AABEF9DDC6A2}.Debug|Any CPU.ActiveCfg = Debug|Any CPU
		{60CF9D7B-EDA6-449B-B7BB-AABEF9DDC6A2}.Debug|Any CPU.Build.0 = Debug|Any CPU
		{60CF9D7B-EDA6-449B-B7BB-AABEF9DDC6A2}.Release|Any CPU.ActiveCfg = Release|Any CPU
		{60CF9D7B-EDA6-449B-B7BB-AABEF9DDC6A2}.Release|Any CPU.Build.0 = Release|Any CPU
		{A8049249-922E-4F34-8431-C397E07D5AF4}.Debug|Any CPU.ActiveCfg = Debug|Any CPU
		{A8049249-922E-4F34-8431-C397E07D5AF4}.Debug|Any CPU.Build.0 = Debug|Any CPU
		{A8049249-922E-4F34-8431-C397E07D5AF4}.Release|Any CPU.ActiveCfg = Release|Any CPU
		{A8049249-922E-4F34-8431-C397E07D5AF4}.Release|Any CPU.Build.0 = Release|Any CPU
		{D7342B1D-8472-41EE-8492-0354ED3D2E09}.Debug|Any CPU.ActiveCfg = Debug|Any CPU
		{D7342B1D-8472-41EE-8492-0354ED3D2E09}.Debug|Any CPU.Build.0 = Debug|Any CPU
		{D7342B1D-8472-41EE-8492-0354ED3D2E09}.Release|Any CPU.ActiveCfg = Release|Any CPU
		{D7342B1D-8472-41EE-8492-0354ED3D2E09}.Release|Any CPU.Build.0 = Release|Any CPU
		{51E4AABB-C0B5-45AA-9A64-C3E19A0F5303}.Debug|Any CPU.ActiveCfg = Debug|Any CPU
		{51E4AABB-C0B5-45AA-9A64-C3E19A0F5303}.Debug|Any CPU.Build.0 = Debug|Any CPU
		{51E4AABB-C0B5-45AA-9A64-C3E19A0F5303}.Release|Any CPU.ActiveCfg = Release|Any CPU
		{51E4AABB-C0B5-45AA-9A64-C3E19A0F5303}.Release|Any CPU.Build.0 = Release|Any CPU
		{50A0B240-ADA4-49B6-A8E3-0D51C9B76616}.Debug|Any CPU.ActiveCfg = Debug|Any CPU
		{50A0B240-ADA4-49B6-A8E3-0D51C9B76616}.Debug|Any CPU.Build.0 = Debug|Any CPU
		{50A0B240-ADA4-49B6-A8E3-0D51C9B76616}.Release|Any CPU.ActiveCfg = Release|Any CPU
		{50A0B240-ADA4-49B6-A8E3-0D51C9B76616}.Release|Any CPU.Build.0 = Release|Any CPU
		{A8A396F3-8EFD-40D4-910E-0ACBB3CF094D}.Debug|Any CPU.ActiveCfg = Debug|Any CPU
		{A8A396F3-8EFD-40D4-910E-0ACBB3CF094D}.Debug|Any CPU.Build.0 = Debug|Any CPU
		{A8A396F3-8EFD-40D4-910E-0ACBB3CF094D}.Release|Any CPU.ActiveCfg = Release|Any CPU
		{A8A396F3-8EFD-40D4-910E-0ACBB3CF094D}.Release|Any CPU.Build.0 = Release|Any CPU
		{A636BC16-BEF7-4A81-B537-EFAA54446129}.Debug|Any CPU.ActiveCfg = Debug|Any CPU
		{A636BC16-BEF7-4A81-B537-EFAA54446129}.Debug|Any CPU.Build.0 = Debug|Any CPU
		{A636BC16-BEF7-4A81-B537-EFAA54446129}.Release|Any CPU.ActiveCfg = Release|Any CPU
		{A636BC16-BEF7-4A81-B537-EFAA54446129}.Release|Any CPU.Build.0 = Release|Any CPU
		{A5CEEC20-D4AD-49DE-8A09-E1DFF609544A}.Debug|Any CPU.ActiveCfg = Debug|Any CPU
		{A5CEEC20-D4AD-49DE-8A09-E1DFF609544A}.Debug|Any CPU.Build.0 = Debug|Any CPU
		{A5CEEC20-D4AD-49DE-8A09-E1DFF609544A}.Release|Any CPU.ActiveCfg = Release|Any CPU
		{A5CEEC20-D4AD-49DE-8A09-E1DFF609544A}.Release|Any CPU.Build.0 = Release|Any CPU
	EndGlobalSection
	GlobalSection(SolutionProperties) = preSolution
		HideSolutionNode = FALSE
	EndGlobalSection
	GlobalSection(NestedProjects) = preSolution
		{033BA9B6-F031-4995-B648-D677A1FDC909} = {06516545-537B-4221-B61F-4F9AD91F3425}
		{06C823FD-6FFC-4DC1-96F0-824520CCBF8D} = {033BA9B6-F031-4995-B648-D677A1FDC909}
		{E6D56B4E-8063-4281-8A5F-18E82DEDA501} = {33B62FA0-8051-4AF5-B864-AE9FC5B7EA3D}
		{3662FDCB-A700-4196-BBAE-64752594FA74} = {7D4E8DA6-4E86-4024-A2EE-AD948B3ADC71}
		{17355264-1458-413C-B043-4713DDC025F1} = {06516545-537B-4221-B61F-4F9AD91F3425}
		{80DFEA52-86B9-4ED4-A028-2550B207C31C} = {06516545-537B-4221-B61F-4F9AD91F3425}
		{60CF9D7B-EDA6-449B-B7BB-AABEF9DDC6A2} = {80DFEA52-86B9-4ED4-A028-2550B207C31C}
		{A8049249-922E-4F34-8431-C397E07D5AF4} = {17355264-1458-413C-B043-4713DDC025F1}
		{8C850D5E-38A2-4B02-A32A-33574EDD87AB} = {06516545-537B-4221-B61F-4F9AD91F3425}
		{D7342B1D-8472-41EE-8492-0354ED3D2E09} = {8C850D5E-38A2-4B02-A32A-33574EDD87AB}
		{7266FCFD-A854-461F-9E60-4FBBCB786BDE} = {06516545-537B-4221-B61F-4F9AD91F3425}
		{1C0A10AF-3D81-4EAF-B237-507B0DF01BEC} = {7266FCFD-A854-461F-9E60-4FBBCB786BDE}
		{59C95D4F-24C6-4CD5-992B-02D9F0E5057D} = {7266FCFD-A854-461F-9E60-4FBBCB786BDE}
		{5A7FD8FC-8870-402E-869E-A153112C90E4} = {7266FCFD-A854-461F-9E60-4FBBCB786BDE}
		{FBC9DFA6-45BF-4FFF-83B0-F3D9114CA0FC} = {7266FCFD-A854-461F-9E60-4FBBCB786BDE}
		{F8422DD0-9949-4888-94CA-A15BEB256A6E} = {7266FCFD-A854-461F-9E60-4FBBCB786BDE}
		{51E4AABB-C0B5-45AA-9A64-C3E19A0F5303} = {59C95D4F-24C6-4CD5-992B-02D9F0E5057D}
		{50A0B240-ADA4-49B6-A8E3-0D51C9B76616} = {1C0A10AF-3D81-4EAF-B237-507B0DF01BEC}
		{A8A396F3-8EFD-40D4-910E-0ACBB3CF094D} = {5A7FD8FC-8870-402E-869E-A153112C90E4}
		{A636BC16-BEF7-4A81-B537-EFAA54446129} = {FBC9DFA6-45BF-4FFF-83B0-F3D9114CA0FC}
		{A5CEEC20-D4AD-49DE-8A09-E1DFF609544A} = {F8422DD0-9949-4888-94CA-A15BEB256A6E}
	EndGlobalSection
	GlobalSection(ExtensibilityGlobals) = postSolution
		SolutionGuid = {8152AA92-B504-4613-B8A5-C05F7EEAB945}
	EndGlobalSection
EndGlobal
